
Microsoft Visual Studio Solution File, Format Version 12.00
# Visual Studio Version 17
VisualStudioVersion = 17.0.31903.59
MinimumVisualStudioVersion = 10.0.40219.1
Project("{FAE04EC0-301F-11D3-BF4B-00C04F79EFBC}") = "ApiLens.Core", "ApiLens.Core\ApiLens.Core.csproj", "{5819AC13-E147-4DBD-B4E6-CB83826DAB8E}"
EndProject
Project("{FAE04EC0-301F-11D3-BF4B-00C04F79EFBC}") = "ApiLens.Cli", "ApiLens.Cli\ApiLens.Cli.csproj", "{F6CC102C-947D-4F97-8092-242935FCBD9D}"
EndProject
Project("{FAE04EC0-301F-11D3-BF4B-00C04F79EFBC}") = "ApiLens.Core.Tests", "ApiLens.Core.Tests\ApiLens.Core.Tests.csproj", "{2F87B2BA-C983-447B-B25C-E44209B7FD64}"
EndProject
Project("{FAE04EC0-301F-11D3-BF4B-00C04F79EFBC}") = "ApiLens.Cli.Tests", "ApiLens.Cli.Tests\ApiLens.Cli.Tests.csproj", "{B2E9BC9B-50B1-4097-B0E0-943306C5580D}"
EndProject
Project("{2150E333-8FDC-42A3-9474-1A3956D46DE8}") = "Tests", "Tests", "{0AB3BF05-4346-4AA6-1389-037BE0695223}"
EndProject
Global
	GlobalSection(SolutionConfigurationPlatforms) = preSolution
		Debug|Any CPU = Debug|Any CPU
		Debug|x64 = Debug|x64
		Debug|x86 = Debug|x86
		Release|Any CPU = Release|Any CPU
		Release|x64 = Release|x64
		Release|x86 = Release|x86
	EndGlobalSection
	GlobalSection(ProjectConfigurationPlatforms) = postSolution
		{5819AC13-E147-4DBD-B4E6-CB83826DAB8E}.Debug|Any CPU.ActiveCfg = Debug|Any CPU
		{5819AC13-E147-4DBD-B4E6-CB83826DAB8E}.Debug|Any CPU.Build.0 = Debug|Any CPU
		{5819AC13-E147-4DBD-B4E6-CB83826DAB8E}.Debug|x64.ActiveCfg = Debug|Any CPU
		{5819AC13-E147-4DBD-B4E6-CB83826DAB8E}.Debug|x64.Build.0 = Debug|Any CPU
		{5819AC13-E147-4DBD-B4E6-CB83826DAB8E}.Debug|x86.ActiveCfg = Debug|Any CPU
		{5819AC13-E147-4DBD-B4E6-CB83826DAB8E}.Debug|x86.Build.0 = Debug|Any CPU
		{5819AC13-E147-4DBD-B4E6-CB83826DAB8E}.Release|Any CPU.ActiveCfg = Release|Any CPU
		{5819AC13-E147-4DBD-B4E6-CB83826DAB8E}.Release|Any CPU.Build.0 = Release|Any CPU
		{5819AC13-E147-4DBD-B4E6-CB83826DAB8E}.Release|x64.ActiveCfg = Release|Any CPU
		{5819AC13-E147-4DBD-B4E6-CB83826DAB8E}.Release|x64.Build.0 = Release|Any CPU
		{5819AC13-E147-4DBD-B4E6-CB83826DAB8E}.Release|x86.ActiveCfg = Release|Any CPU
		{5819AC13-E147-4DBD-B4E6-CB83826DAB8E}.Release|x86.Build.0 = Release|Any CPU
		{F6CC102C-947D-4F97-8092-242935FCBD9D}.Debug|Any CPU.ActiveCfg = Debug|Any CPU
		{F6CC102C-947D-4F97-8092-242935FCBD9D}.Debug|Any CPU.Build.0 = Debug|Any CPU
		{F6CC102C-947D-4F97-8092-242935FCBD9D}.Debug|x64.ActiveCfg = Debug|Any CPU
		{F6CC102C-947D-4F97-8092-242935FCBD9D}.Debug|x64.Build.0 = Debug|Any CPU
		{F6CC102C-947D-4F97-8092-242935FCBD9D}.Debug|x86.ActiveCfg = Debug|Any CPU
		{F6CC102C-947D-4F97-8092-242935FCBD9D}.Debug|x86.Build.0 = Debug|Any CPU
		{F6CC102C-947D-4F97-8092-242935FCBD9D}.Release|Any CPU.ActiveCfg = Release|Any CPU
		{F6CC102C-947D-4F97-8092-242935FCBD9D}.Release|Any CPU.Build.0 = Release|Any CPU
		{F6CC102C-947D-4F97-8092-242935FCBD9D}.Release|x64.ActiveCfg = Release|Any CPU
		{F6CC102C-947D-4F97-8092-242935FCBD9D}.Release|x64.Build.0 = Release|Any CPU
		{F6CC102C-947D-4F97-8092-242935FCBD9D}.Release|x86.ActiveCfg = Release|Any CPU
		{F6CC102C-947D-4F97-8092-242935FCBD9D}.Release|x86.Build.0 = Release|Any CPU
		{2F87B2BA-C983-447B-B25C-E44209B7FD64}.Debug|Any CPU.ActiveCfg = Debug|Any CPU
		{2F87B2BA-C983-447B-B25C-E44209B7FD64}.Debug|Any CPU.Build.0 = Debug|Any CPU
		{2F87B2BA-C983-447B-B25C-E44209B7FD64}.Debug|x64.ActiveCfg = Debug|Any CPU
		{2F87B2BA-C983-447B-B25C-E44209B7FD64}.Debug|x64.Build.0 = Debug|Any CPU
		{2F87B2BA-C983-447B-B25C-E44209B7FD64}.Debug|x86.ActiveCfg = Debug|Any CPU
		{2F87B2BA-C983-447B-B25C-E44209B7FD64}.Debug|x86.Build.0 = Debug|Any CPU
		{2F87B2BA-C983-447B-B25C-E44209B7FD64}.Release|Any CPU.ActiveCfg = Release|Any CPU
		{2F87B2BA-C983-447B-B25C-E44209B7FD64}.Release|Any CPU.Build.0 = Release|Any CPU
		{2F87B2BA-C983-447B-B25C-E44209B7FD64}.Release|x64.ActiveCfg = Release|Any CPU
		{2F87B2BA-C983-447B-B25C-E44209B7FD64}.Release|x64.Build.0 = Release|Any CPU
		{2F87B2BA-C983-447B-B25C-E44209B7FD64}.Release|x86.ActiveCfg = Release|Any CPU
		{2F87B2BA-C983-447B-B25C-E44209B7FD64}.Release|x86.Build.0 = Release|Any CPU
		{B2E9BC9B-50B1-4097-B0E0-943306C5580D}.Debug|Any CPU.ActiveCfg = Debug|Any CPU
		{B2E9BC9B-50B1-4097-B0E0-943306C5580D}.Debug|Any CPU.Build.0 = Debug|Any CPU
		{B2E9BC9B-50B1-4097-B0E0-943306C5580D}.Debug|x64.ActiveCfg = Debug|Any CPU
		{B2E9BC9B-50B1-4097-B0E0-943306C5580D}.Debug|x64.Build.0 = Debug|Any CPU
		{B2E9BC9B-50B1-4097-B0E0-943306C5580D}.Debug|x86.ActiveCfg = Debug|Any CPU
		{B2E9BC9B-50B1-4097-B0E0-943306C5580D}.Debug|x86.Build.0 = Debug|Any CPU
		{B2E9BC9B-50B1-4097-B0E0-943306C5580D}.Release|Any CPU.ActiveCfg = Release|Any CPU
		{B2E9BC9B-50B1-4097-B0E0-943306C5580D}.Release|Any CPU.Build.0 = Release|Any CPU
		{B2E9BC9B-50B1-4097-B0E0-943306C5580D}.Release|x64.ActiveCfg = Release|Any CPU
		{B2E9BC9B-50B1-4097-B0E0-943306C5580D}.Release|x64.Build.0 = Release|Any CPU
		{B2E9BC9B-50B1-4097-B0E0-943306C5580D}.Release|x86.ActiveCfg = Release|Any CPU
		{B2E9BC9B-50B1-4097-B0E0-943306C5580D}.Release|x86.Build.0 = Release|Any CPU
	EndGlobalSection
	GlobalSection(SolutionProperties) = preSolution
		HideSolutionNode = FALSE
	EndGlobalSection
	GlobalSection(NestedProjects) = preSolution
		{2F87B2BA-C983-447B-B25C-E44209B7FD64} = {0AB3BF05-4346-4AA6-1389-037BE0695223}
		{B2E9BC9B-50B1-4097-B0E0-943306C5580D} = {0AB3BF05-4346-4AA6-1389-037BE0695223}
	EndGlobalSection
	GlobalSection(ExtensibilityGlobals) = postSolution
		SolutionGuid = {CEECE617-9A2A-4F6D-A48F-A6F76B34F3B7}
	EndGlobalSection
EndGlobal
